
Microsoft Visual Studio Solution File, Format Version 12.00
# Visual Studio Version 17
VisualStudioVersion = 17.11.35312.102
MinimumVisualStudioVersion = 10.0.40219.1
Project("{FAE04EC0-301F-11D3-BF4B-00C04F79EFBC}") = "JocPenjat", "JocPenjat.csproj", "{6E0EA0E4-85B7-4DD0-9E68-9D23D02CEDAD}"
EndProject
Global
	GlobalSection(SolutionConfigurationPlatforms) = preSolution
		Debug|Any CPU = Debug|Any CPU
		Release|Any CPU = Release|Any CPU
	EndGlobalSection
	GlobalSection(ProjectConfigurationPlatforms) = postSolution
		{6E0EA0E4-85B7-4DD0-9E68-9D23D02CEDAD}.Debug|Any CPU.ActiveCfg = Debug|Any CPU
		{6E0EA0E4-85B7-4DD0-9E68-9D23D02CEDAD}.Debug|Any CPU.Build.0 = Debug|Any CPU
		{6E0EA0E4-85B7-4DD0-9E68-9D23D02CEDAD}.Release|Any CPU.ActiveCfg = Release|Any CPU
		{6E0EA0E4-85B7-4DD0-9E68-9D23D02CEDAD}.Release|Any CPU.Build.0 = Release|Any CPU
	EndGlobalSection
	GlobalSection(SolutionProperties) = preSolution
		HideSolutionNode = FALSE
	EndGlobalSection
	GlobalSection(ExtensibilityGlobals) = postSolution
		SolutionGuid = {53799405-3478-4B0E-B97D-FDDD5D0C4C30}
	EndGlobalSection
EndGlobal
