
Microsoft Visual Studio Solution File, Format Version 12.00
# Visual Studio Version 17
VisualStudioVersion = 17.11.35312.102
MinimumVisualStudioVersion = 10.0.40219.1
Project("{FAE04EC0-301F-11D3-BF4B-00C04F79EFBC}") = "Pt5.1", "Pt5.1.csproj", "{59182AD8-74F5-4591-A465-50E3E06472E2}"
EndProject
Global
	GlobalSection(SolutionConfigurationPlatforms) = preSolution
		Debug|Any CPU = Debug|Any CPU
		Release|Any CPU = Release|Any CPU
	EndGlobalSection
	GlobalSection(ProjectConfigurationPlatforms) = postSolution
		{59182AD8-74F5-4591-A465-50E3E06472E2}.Debug|Any CPU.ActiveCfg = Debug|Any CPU
		{59182AD8-74F5-4591-A465-50E3E06472E2}.Debug|Any CPU.Build.0 = Debug|Any CPU
		{59182AD8-74F5-4591-A465-50E3E06472E2}.Release|Any CPU.ActiveCfg = Release|Any CPU
		{59182AD8-74F5-4591-A465-50E3E06472E2}.Release|Any CPU.Build.0 = Release|Any CPU
	EndGlobalSection
	GlobalSection(SolutionProperties) = preSolution
		HideSolutionNode = FALSE
	EndGlobalSection
	GlobalSection(ExtensibilityGlobals) = postSolution
		SolutionGuid = {C52F9A16-C645-4BCB-BE7D-8273E02876B5}
	EndGlobalSection
EndGlobal
